{
  "name": "bpmnlint-plugin-playground",
  "version": "0.0.0",
  "lockfileVersion": 1,
  "requires": true,
  "dependencies": {
    "emoji-regex": {
      "version": "7.0.1",
      "resolved": "https://registry.npmjs.org/emoji-regex/-/emoji-regex-7.0.1.tgz",
      "integrity": "sha512-cjx7oFbFIyZMpmWaEBnKeJXWAVzjXwK6yHiz/5X73A2Ww4pnabw+4ZaA/MxLroIQQrB3dL6XzEz8P3aZsSdj8Q=="
    }
  }
}
